
Microsoft Visual Studio Solution File, Format Version 11.00
# Visual Studio Version 17

Project("{8BC9CEB8-8B4A-11D0-8D11-00A0C91BC942}") = "BouncingBallWavetableDemo - App", "BouncingBallWavetableDemo_App.vcxproj", "{BF38E5AF-8429-B898-F8A1-240F17B32D66}"
EndProject
Global
	GlobalSection(SolutionConfigurationPlatforms) = preSolution
		Debug|x64 = Debug|x64
		Release|x64 = Release|x64
	EndGlobalSection
	GlobalSection(ProjectConfigurationPlatforms) = postSolution
		{BF38E5AF-8429-B898-F8A1-240F17B32D66}.Debug|x64.ActiveCfg = Debug|x64
		{BF38E5AF-8429-B898-F8A1-240F17B32D66}.Debug|x64.Build.0 = Debug|x64
		{BF38E5AF-8429-B898-F8A1-240F17B32D66}.Release|x64.ActiveCfg = Release|x64
		{BF38E5AF-8429-B898-F8A1-240F17B32D66}.Release|x64.Build.0 = Release|x64
	EndGlobalSection
	GlobalSection(SolutionProperties) = preSolution
		HideSolutionNode = FALSE
	EndGlobalSection
EndGlobal
